// !$*UTF8*$!
{
	archiveVersion = 1;
	classes = {
	};
	objectVersion = 50;
	objects = {

/* Begin PBXBuildFile section */
		143AB89B24EED54D002D0029 /* UserSettings.storyboard in Resources */ = {isa = PBXBuildFile; fileRef = 143AB89A24EED54D002D0029 /* UserSettings.storyboard */; };
		143AB89D24EED566002D0029 /* UserSettingsViewModel.swift in Sources */ = {isa = PBXBuildFile; fileRef = 143AB89C24EED566002D0029 /* UserSettingsViewModel.swift */; };
		143AB89F24EED576002D0029 /* UserSettingsModel.swift in Sources */ = {isa = PBXBuildFile; fileRef = 143AB89E24EED576002D0029 /* UserSettingsModel.swift */; };
		143AB8A124EED595002D0029 /* UserSettingsViewController.swift in Sources */ = {isa = PBXBuildFile; fileRef = 143AB8A024EED595002D0029 /* UserSettingsViewController.swift */; };
		143AB8A324EF183D002D0029 /* constants.swift in Sources */ = {isa = PBXBuildFile; fileRef = 143AB8A224EF183D002D0029 /* constants.swift */; };
		143AB8A524EF2EFE002D0029 /* testUserSettingsViewModel.swift in Sources */ = {isa = PBXBuildFile; fileRef = 143AB8A424EF2EFE002D0029 /* testUserSettingsViewModel.swift */; };
		143AB8A624EF304D002D0029 /* UserSettingsViewModel.swift in Sources */ = {isa = PBXBuildFile; fileRef = 143AB89C24EED566002D0029 /* UserSettingsViewModel.swift */; };
		143AB8A724EF304D002D0029 /* UserSettingsModel.swift in Sources */ = {isa = PBXBuildFile; fileRef = 143AB89E24EED576002D0029 /* UserSettingsModel.swift */; };
		143AB8A824EF3074002D0029 /* WebServiceConnector.swift in Sources */ = {isa = PBXBuildFile; fileRef = 1487F5CE24E5EA3900C13817 /* WebServiceConnector.swift */; };
		143AB8A924EF312B002D0029 /* constants.swift in Sources */ = {isa = PBXBuildFile; fileRef = 143AB8A224EF183D002D0029 /* constants.swift */; };
		143AB8AA24EF3212002D0029 /* testUserSettingsViewModel.swift in Sources */ = {isa = PBXBuildFile; fileRef = 143AB8A424EF2EFE002D0029 /* testUserSettingsViewModel.swift */; };
		143AB8AB24EF324C002D0029 /* UserSettingsViewModel.swift in Resources */ = {isa = PBXBuildFile; fileRef = 143AB89C24EED566002D0029 /* UserSettingsViewModel.swift */; };
		143AB8AC24EF324C002D0029 /* UserSettingsModel.swift in Resources */ = {isa = PBXBuildFile; fileRef = 143AB89E24EED576002D0029 /* UserSettingsModel.swift */; };
		143AB8AD24EF324C002D0029 /* WebServiceConnector.swift in Resources */ = {isa = PBXBuildFile; fileRef = 1487F5CE24E5EA3900C13817 /* WebServiceConnector.swift */; };
		143AB8AE24EF325F002D0029 /* constants.swift in Resources */ = {isa = PBXBuildFile; fileRef = 143AB8A224EF183D002D0029 /* constants.swift */; };
		143AB8B124EF4F20002D0029 /* PreferencesUtil.swift in Sources */ = {isa = PBXBuildFile; fileRef = 143AB8B024EF4F20002D0029 /* PreferencesUtil.swift */; };
		1487F59C24E5E6E300C13817 /* AppDelegate.swift in Sources */ = {isa = PBXBuildFile; fileRef = 1487F59B24E5E6E300C13817 /* AppDelegate.swift */; };
		1487F59E24E5E6E300C13817 /* SceneDelegate.swift in Sources */ = {isa = PBXBuildFile; fileRef = 1487F59D24E5E6E300C13817 /* SceneDelegate.swift */; };
		1487F5A024E5E6E300C13817 /* ViewController.swift in Sources */ = {isa = PBXBuildFile; fileRef = 1487F59F24E5E6E300C13817 /* ViewController.swift */; };
		1487F5A324E5E6E300C13817 /* Main.storyboard in Resources */ = {isa = PBXBuildFile; fileRef = 1487F5A124E5E6E300C13817 /* Main.storyboard */; };
		1487F5A524E5E6E400C13817 /* Assets.xcassets in Resources */ = {isa = PBXBuildFile; fileRef = 1487F5A424E5E6E400C13817 /* Assets.xcassets */; };
		1487F5A824E5E6E400C13817 /* LaunchScreen.storyboard in Resources */ = {isa = PBXBuildFile; fileRef = 1487F5A624E5E6E400C13817 /* LaunchScreen.storyboard */; };
		1487F5B324E5E6E400C13817 /* modes_mobile_iosTests.swift in Sources */ = {isa = PBXBuildFile; fileRef = 1487F5B224E5E6E400C13817 /* modes_mobile_iosTests.swift */; };
		1487F5BE24E5E6E400C13817 /* modes_mobile_iosUITests.swift in Sources */ = {isa = PBXBuildFile; fileRef = 1487F5BD24E5E6E400C13817 /* modes_mobile_iosUITests.swift */; };
		1487F5CD24E5E74C00C13817 /* BaseViewModel.swift in Sources */ = {isa = PBXBuildFile; fileRef = 1487F5CC24E5E74C00C13817 /* BaseViewModel.swift */; };
		1487F5CF24E5EA3900C13817 /* WebServiceConnector.swift in Sources */ = {isa = PBXBuildFile; fileRef = 1487F5CE24E5EA3900C13817 /* WebServiceConnector.swift */; };
		1487F5D124E5EA9400C13817 /* BaseModel.swift in Sources */ = {isa = PBXBuildFile; fileRef = 1487F5D024E5EA9400C13817 /* BaseModel.swift */; };
		1487F5D524E5EB0500C13817 /* BaseViewController.swift in Sources */ = {isa = PBXBuildFile; fileRef = 1487F5D424E5EB0500C13817 /* BaseViewController.swift */; };
		1487F5D724E5ED1F00C13817 /* Base.storyboard in Resources */ = {isa = PBXBuildFile; fileRef = 1487F5D624E5ED1F00C13817 /* Base.storyboard */; };
/* End PBXBuildFile section */

/* Begin PBXContainerItemProxy section */
		1487F5AF24E5E6E400C13817 /* PBXContainerItemProxy */ = {
			isa = PBXContainerItemProxy;
			containerPortal = 1487F59024E5E6E300C13817 /* Project object */;
			proxyType = 1;
			remoteGlobalIDString = 1487F59724E5E6E300C13817;
			remoteInfo = "modes-mobile-ios";
		};
		1487F5BA24E5E6E400C13817 /* PBXContainerItemProxy */ = {
			isa = PBXContainerItemProxy;
			containerPortal = 1487F59024E5E6E300C13817 /* Project object */;
			proxyType = 1;
			remoteGlobalIDString = 1487F59724E5E6E300C13817;
			remoteInfo = "modes-mobile-ios";
		};
/* End PBXContainerItemProxy section */

/* Begin PBXFileReference section */
		143AB89A24EED54D002D0029 /* UserSettings.storyboard */ = {isa = PBXFileReference; lastKnownFileType = file.storyboard; path = UserSettings.storyboard; sourceTree = "<group>"; };
		143AB89C24EED566002D0029 /* UserSettingsViewModel.swift */ = {isa = PBXFileReference; lastKnownFileType = sourcecode.swift; path = UserSettingsViewModel.swift; sourceTree = "<group>"; };
		143AB89E24EED576002D0029 /* UserSettingsModel.swift */ = {isa = PBXFileReference; lastKnownFileType = sourcecode.swift; path = UserSettingsModel.swift; sourceTree = "<group>"; };
		143AB8A024EED595002D0029 /* UserSettingsViewController.swift */ = {isa = PBXFileReference; lastKnownFileType = sourcecode.swift; path = UserSettingsViewController.swift; sourceTree = "<group>"; };
		143AB8A224EF183D002D0029 /* constants.swift */ = {isa = PBXFileReference; lastKnownFileType = sourcecode.swift; path = constants.swift; sourceTree = "<group>"; };
		143AB8A424EF2EFE002D0029 /* testUserSettingsViewModel.swift */ = {isa = PBXFileReference; lastKnownFileType = sourcecode.swift; path = testUserSettingsViewModel.swift; sourceTree = "<group>"; };
		143AB8B024EF4F20002D0029 /* PreferencesUtil.swift */ = {isa = PBXFileReference; lastKnownFileType = sourcecode.swift; path = PreferencesUtil.swift; sourceTree = "<group>"; };
		1487F59824E5E6E300C13817 /* modes-mobile-ios.app */ = {isa = PBXFileReference; explicitFileType = wrapper.application; includeInIndex = 0; path = "modes-mobile-ios.app"; sourceTree = BUILT_PRODUCTS_DIR; };
		1487F59B24E5E6E300C13817 /* AppDelegate.swift */ = {isa = PBXFileReference; lastKnownFileType = sourcecode.swift; path = AppDelegate.swift; sourceTree = "<group>"; };
		1487F59D24E5E6E300C13817 /* SceneDelegate.swift */ = {isa = PBXFileReference; lastKnownFileType = sourcecode.swift; path = SceneDelegate.swift; sourceTree = "<group>"; };
		1487F59F24E5E6E300C13817 /* ViewController.swift */ = {isa = PBXFileReference; lastKnownFileType = sourcecode.swift; path = ViewController.swift; sourceTree = "<group>"; };
		1487F5A224E5E6E300C13817 /* Base */ = {isa = PBXFileReference; lastKnownFileType = file.storyboard; name = Base; path = Base.lproj/Main.storyboard; sourceTree = "<group>"; };
		1487F5A424E5E6E400C13817 /* Assets.xcassets */ = {isa = PBXFileReference; lastKnownFileType = folder.assetcatalog; path = Assets.xcassets; sourceTree = "<group>"; };
		1487F5A724E5E6E400C13817 /* Base */ = {isa = PBXFileReference; lastKnownFileType = file.storyboard; name = Base; path = Base.lproj/LaunchScreen.storyboard; sourceTree = "<group>"; };
		1487F5A924E5E6E400C13817 /* Info.plist */ = {isa = PBXFileReference; lastKnownFileType = text.plist.xml; path = Info.plist; sourceTree = "<group>"; };
		1487F5AE24E5E6E400C13817 /* modes-mobile-iosTests.xctest */ = {isa = PBXFileReference; explicitFileType = wrapper.cfbundle; includeInIndex = 0; path = "modes-mobile-iosTests.xctest"; sourceTree = BUILT_PRODUCTS_DIR; };
		1487F5B224E5E6E400C13817 /* modes_mobile_iosTests.swift */ = {isa = PBXFileReference; lastKnownFileType = sourcecode.swift; path = modes_mobile_iosTests.swift; sourceTree = "<group>"; };
		1487F5B424E5E6E400C13817 /* Info.plist */ = {isa = PBXFileReference; lastKnownFileType = text.plist.xml; path = Info.plist; sourceTree = "<group>"; };
		1487F5B924E5E6E400C13817 /* modes-mobile-iosUITests.xctest */ = {isa = PBXFileReference; explicitFileType = wrapper.cfbundle; includeInIndex = 0; path = "modes-mobile-iosUITests.xctest"; sourceTree = BUILT_PRODUCTS_DIR; };
		1487F5BD24E5E6E400C13817 /* modes_mobile_iosUITests.swift */ = {isa = PBXFileReference; lastKnownFileType = sourcecode.swift; path = modes_mobile_iosUITests.swift; sourceTree = "<group>"; };
		1487F5BF24E5E6E400C13817 /* Info.plist */ = {isa = PBXFileReference; lastKnownFileType = text.plist.xml; path = Info.plist; sourceTree = "<group>"; };
		1487F5CC24E5E74C00C13817 /* BaseViewModel.swift */ = {isa = PBXFileReference; lastKnownFileType = sourcecode.swift; path = BaseViewModel.swift; sourceTree = "<group>"; };
		1487F5CE24E5EA3900C13817 /* WebServiceConnector.swift */ = {isa = PBXFileReference; lastKnownFileType = sourcecode.swift; path = WebServiceConnector.swift; sourceTree = "<group>"; };
		1487F5D024E5EA9400C13817 /* BaseModel.swift */ = {isa = PBXFileReference; lastKnownFileType = sourcecode.swift; path = BaseModel.swift; sourceTree = "<group>"; };
		1487F5D424E5EB0500C13817 /* BaseViewController.swift */ = {isa = PBXFileReference; lastKnownFileType = sourcecode.swift; path = BaseViewController.swift; sourceTree = "<group>"; };
		1487F5D624E5ED1F00C13817 /* Base.storyboard */ = {isa = PBXFileReference; lastKnownFileType = file.storyboard; path = Base.storyboard; sourceTree = "<group>"; };
/* End PBXFileReference section */

/* Begin PBXFrameworksBuildPhase section */
		1487F59524E5E6E300C13817 /* Frameworks */ = {
			isa = PBXFrameworksBuildPhase;
			buildActionMask = 2147483647;
			files = (
			);
			runOnlyForDeploymentPostprocessing = 0;
		};
		1487F5AB24E5E6E400C13817 /* Frameworks */ = {
			isa = PBXFrameworksBuildPhase;
			buildActionMask = 2147483647;
			files = (
			);
			runOnlyForDeploymentPostprocessing = 0;
		};
		1487F5B624E5E6E400C13817 /* Frameworks */ = {
			isa = PBXFrameworksBuildPhase;
			buildActionMask = 2147483647;
			files = (
			);
			runOnlyForDeploymentPostprocessing = 0;
		};
/* End PBXFrameworksBuildPhase section */

/* Begin PBXGroup section */
		143AB89924EED520002D0029 /* UserSettings */ = {
			isa = PBXGroup;
			children = (
				143AB89A24EED54D002D0029 /* UserSettings.storyboard */,
				143AB89C24EED566002D0029 /* UserSettingsViewModel.swift */,
				143AB89E24EED576002D0029 /* UserSettingsModel.swift */,
				143AB8A024EED595002D0029 /* UserSettingsViewController.swift */,
			);
			path = UserSettings;
			sourceTree = "<group>";
		};
		143AB8AF24EF4EB2002D0029 /* Utility */ = {
			isa = PBXGroup;
			children = (
				143AB8B024EF4F20002D0029 /* PreferencesUtil.swift */,
			);
			path = Utility;
			sourceTree = "<group>";
		};
		1487F58F24E5E6E300C13817 = {
			isa = PBXGroup;
			children = (
				1487F59A24E5E6E300C13817 /* modes-mobile-ios */,
				1487F5B124E5E6E400C13817 /* modes-mobile-iosTests */,
				1487F5BC24E5E6E400C13817 /* modes-mobile-iosUITests */,
				1487F59924E5E6E300C13817 /* Products */,
			);
			sourceTree = "<group>";
		};
		1487F59924E5E6E300C13817 /* Products */ = {
			isa = PBXGroup;
			children = (
				1487F59824E5E6E300C13817 /* modes-mobile-ios.app */,
				1487F5AE24E5E6E400C13817 /* modes-mobile-iosTests.xctest */,
				1487F5B924E5E6E400C13817 /* modes-mobile-iosUITests.xctest */,
			);
			name = Products;
			sourceTree = "<group>";
		};
		1487F59A24E5E6E300C13817 /* modes-mobile-ios */ = {
			isa = PBXGroup;
			children = (
				143AB8AF24EF4EB2002D0029 /* Utility */,
				143AB89924EED520002D0029 /* UserSettings */,
				1487F5CB24E5E72000C13817 /* base  */,
				1487F59B24E5E6E300C13817 /* AppDelegate.swift */,
				1487F59D24E5E6E300C13817 /* SceneDelegate.swift */,
				1487F59F24E5E6E300C13817 /* ViewController.swift */,
				1487F5A124E5E6E300C13817 /* Main.storyboard */,
				1487F5A424E5E6E400C13817 /* Assets.xcassets */,
				1487F5A624E5E6E400C13817 /* LaunchScreen.storyboard */,
				1487F5A924E5E6E400C13817 /* Info.plist */,
				143AB8A224EF183D002D0029 /* constants.swift */,
			);
			path = "modes-mobile-ios";
			sourceTree = "<group>";
		};
		1487F5B124E5E6E400C13817 /* modes-mobile-iosTests */ = {
			isa = PBXGroup;
			children = (
				1487F5B224E5E6E400C13817 /* modes_mobile_iosTests.swift */,
				1487F5B424E5E6E400C13817 /* Info.plist */,
			);
			path = "modes-mobile-iosTests";
			sourceTree = "<group>";
		};
		1487F5BC24E5E6E400C13817 /* modes-mobile-iosUITests */ = {
			isa = PBXGroup;
			children = (
				1487F5BD24E5E6E400C13817 /* modes_mobile_iosUITests.swift */,
				1487F5BF24E5E6E400C13817 /* Info.plist */,
				143AB8A424EF2EFE002D0029 /* testUserSettingsViewModel.swift */,
			);
			path = "modes-mobile-iosUITests";
			sourceTree = "<group>";
		};
		1487F5CB24E5E72000C13817 /* base  */ = {
			isa = PBXGroup;
			children = (
				1487F5CC24E5E74C00C13817 /* BaseViewModel.swift */,
				1487F5CE24E5EA3900C13817 /* WebServiceConnector.swift */,
				1487F5D024E5EA9400C13817 /* BaseModel.swift */,
				1487F5D424E5EB0500C13817 /* BaseViewController.swift */,
				1487F5D624E5ED1F00C13817 /* Base.storyboard */,
			);
			path = "base ";
			sourceTree = "<group>";
		};
/* End PBXGroup section */

/* Begin PBXNativeTarget section */
		1487F59724E5E6E300C13817 /* modes-mobile-ios */ = {
			isa = PBXNativeTarget;
			buildConfigurationList = 1487F5C224E5E6E400C13817 /* Build configuration list for PBXNativeTarget "modes-mobile-ios" */;
			buildPhases = (
				1487F59424E5E6E300C13817 /* Sources */,
				1487F59524E5E6E300C13817 /* Frameworks */,
				1487F59624E5E6E300C13817 /* Resources */,
			);
			buildRules = (
			);
			dependencies = (
			);
			name = "modes-mobile-ios";
			productName = "modes-mobile-ios";
			productReference = 1487F59824E5E6E300C13817 /* modes-mobile-ios.app */;
			productType = "com.apple.product-type.application";
		};
		1487F5AD24E5E6E400C13817 /* modes-mobile-iosTests */ = {
			isa = PBXNativeTarget;
			buildConfigurationList = 1487F5C524E5E6E400C13817 /* Build configuration list for PBXNativeTarget "modes-mobile-iosTests" */;
			buildPhases = (
				1487F5AA24E5E6E400C13817 /* Sources */,
				1487F5AB24E5E6E400C13817 /* Frameworks */,
				1487F5AC24E5E6E400C13817 /* Resources */,
			);
			buildRules = (
			);
			dependencies = (
				1487F5B024E5E6E400C13817 /* PBXTargetDependency */,
			);
			name = "modes-mobile-iosTests";
			productName = "modes-mobile-iosTests";
			productReference = 1487F5AE24E5E6E400C13817 /* modes-mobile-iosTests.xctest */;
			productType = "com.apple.product-type.bundle.unit-test";
		};
		1487F5B824E5E6E400C13817 /* modes-mobile-iosUITests */ = {
			isa = PBXNativeTarget;
			buildConfigurationList = 1487F5C824E5E6E400C13817 /* Build configuration list for PBXNativeTarget "modes-mobile-iosUITests" */;
			buildPhases = (
				1487F5B524E5E6E400C13817 /* Sources */,
				1487F5B624E5E6E400C13817 /* Frameworks */,
				1487F5B724E5E6E400C13817 /* Resources */,
			);
			buildRules = (
			);
			dependencies = (
				1487F5BB24E5E6E400C13817 /* PBXTargetDependency */,
			);
			name = "modes-mobile-iosUITests";
			productName = "modes-mobile-iosUITests";
			productReference = 1487F5B924E5E6E400C13817 /* modes-mobile-iosUITests.xctest */;
			productType = "com.apple.product-type.bundle.ui-testing";
		};
/* End PBXNativeTarget section */

/* Begin PBXProject section */
		1487F59024E5E6E300C13817 /* Project object */ = {
			isa = PBXProject;
			attributes = {
				LastSwiftUpdateCheck = 1160;
				LastUpgradeCheck = 1160;
				TargetAttributes = {
					1487F59724E5E6E300C13817 = {
						CreatedOnToolsVersion = 11.6;
					};
					1487F5AD24E5E6E400C13817 = {
						CreatedOnToolsVersion = 11.6;
						TestTargetID = 1487F59724E5E6E300C13817;
					};
					1487F5B824E5E6E400C13817 = {
						CreatedOnToolsVersion = 11.6;
						TestTargetID = 1487F59724E5E6E300C13817;
					};
				};
			};
			buildConfigurationList = 1487F59324E5E6E300C13817 /* Build configuration list for PBXProject "modes-mobile-ios" */;
			compatibilityVersion = "Xcode 9.3";
			developmentRegion = en;
			hasScannedForEncodings = 0;
			knownRegions = (
				en,
				Base,
			);
			mainGroup = 1487F58F24E5E6E300C13817;
			productRefGroup = 1487F59924E5E6E300C13817 /* Products */;
			projectDirPath = "";
			projectRoot = "";
			targets = (
				1487F59724E5E6E300C13817 /* modes-mobile-ios */,
				1487F5AD24E5E6E400C13817 /* modes-mobile-iosTests */,
				1487F5B824E5E6E400C13817 /* modes-mobile-iosUITests */,
			);
		};
/* End PBXProject section */

/* Begin PBXResourcesBuildPhase section */
		1487F59624E5E6E300C13817 /* Resources */ = {
			isa = PBXResourcesBuildPhase;
			buildActionMask = 2147483647;
			files = (
				143AB89B24EED54D002D0029 /* UserSettings.storyboard in Resources */,
				1487F5A824E5E6E400C13817 /* LaunchScreen.storyboard in Resources */,
				1487F5D724E5ED1F00C13817 /* Base.storyboard in Resources */,
				1487F5A524E5E6E400C13817 /* Assets.xcassets in Resources */,
				1487F5A324E5E6E300C13817 /* Main.storyboard in Resources */,
			);
			runOnlyForDeploymentPostprocessing = 0;
		};
		1487F5AC24E5E6E400C13817 /* Resources */ = {
			isa = PBXResourcesBuildPhase;
			buildActionMask = 2147483647;
			files = (
				143AB8AE24EF325F002D0029 /* constants.swift in Resources */,
				143AB8AB24EF324C002D0029 /* UserSettingsViewModel.swift in Resources */,
				143AB8AC24EF324C002D0029 /* UserSettingsModel.swift in Resources */,
				143AB8AD24EF324C002D0029 /* WebServiceConnector.swift in Resources */,
			);
			runOnlyForDeploymentPostprocessing = 0;
		};
		1487F5B724E5E6E400C13817 /* Resources */ = {
			isa = PBXResourcesBuildPhase;
			buildActionMask = 2147483647;
			files = (
			);
			runOnlyForDeploymentPostprocessing = 0;
		};
/* End PBXResourcesBuildPhase section */

/* Begin PBXSourcesBuildPhase section */
		1487F59424E5E6E300C13817 /* Sources */ = {
			isa = PBXSourcesBuildPhase;
			buildActionMask = 2147483647;
			files = (
				143AB8B124EF4F20002D0029 /* PreferencesUtil.swift in Sources */,
				1487F5D124E5EA9400C13817 /* BaseModel.swift in Sources */,
				1487F5A024E5E6E300C13817 /* ViewController.swift in Sources */,
				143AB89D24EED566002D0029 /* UserSettingsViewModel.swift in Sources */,
				143AB89F24EED576002D0029 /* UserSettingsModel.swift in Sources */,
				143AB8A324EF183D002D0029 /* constants.swift in Sources */,
				1487F5CD24E5E74C00C13817 /* BaseViewModel.swift in Sources */,
				1487F5CF24E5EA3900C13817 /* WebServiceConnector.swift in Sources */,
				143AB8A124EED595002D0029 /* UserSettingsViewController.swift in Sources */,
				1487F59C24E5E6E300C13817 /* AppDelegate.swift in Sources */,
				1487F5D524E5EB0500C13817 /* BaseViewController.swift in Sources */,
				1487F59E24E5E6E300C13817 /* SceneDelegate.swift in Sources */,
			);
			runOnlyForDeploymentPostprocessing = 0;
		};
		1487F5AA24E5E6E400C13817 /* Sources */ = {
			isa = PBXSourcesBuildPhase;
			buildActionMask = 2147483647;
			files = (
				143AB8AA24EF3212002D0029 /* testUserSettingsViewModel.swift in Sources */,
				143AB8A924EF312B002D0029 /* constants.swift in Sources */,
				143AB8A824EF3074002D0029 /* WebServiceConnector.swift in Sources */,
				143AB8A624EF304D002D0029 /* UserSettingsViewModel.swift in Sources */,
				143AB8A724EF304D002D0029 /* UserSettingsModel.swift in Sources */,
				1487F5B324E5E6E400C13817 /* modes_mobile_iosTests.swift in Sources */,
			);
			runOnlyForDeploymentPostprocessing = 0;
		};
		1487F5B524E5E6E400C13817 /* Sources */ = {
			isa = PBXSourcesBuildPhase;
			buildActionMask = 2147483647;
			files = (
				143AB8A524EF2EFE002D0029 /* testUserSettingsViewModel.swift in Sources */,
				1487F5BE24E5E6E400C13817 /* modes_mobile_iosUITests.swift in Sources */,
			);
			runOnlyForDeploymentPostprocessing = 0;
		};
/* End PBXSourcesBuildPhase section */

/* Begin PBXTargetDependency section */
		1487F5B024E5E6E400C13817 /* PBXTargetDependency */ = {
			isa = PBXTargetDependency;
			target = 1487F59724E5E6E300C13817 /* modes-mobile-ios */;
			targetProxy = 1487F5AF24E5E6E400C13817 /* PBXContainerItemProxy */;
		};
		1487F5BB24E5E6E400C13817 /* PBXTargetDependency */ = {
			isa = PBXTargetDependency;
			target = 1487F59724E5E6E300C13817 /* modes-mobile-ios */;
			targetProxy = 1487F5BA24E5E6E400C13817 /* PBXContainerItemProxy */;
		};
/* End PBXTargetDependency section */

/* Begin PBXVariantGroup section */
		1487F5A124E5E6E300C13817 /* Main.storyboard */ = {
			isa = PBXVariantGroup;
			children = (
				1487F5A224E5E6E300C13817 /* Base */,
			);
			name = Main.storyboard;
			sourceTree = "<group>";
		};
		1487F5A624E5E6E400C13817 /* LaunchScreen.storyboard */ = {
			isa = PBXVariantGroup;
			children = (
				1487F5A724E5E6E400C13817 /* Base */,
			);
			name = LaunchScreen.storyboard;
			sourceTree = "<group>";
		};
/* End PBXVariantGroup section */

/* Begin XCBuildConfiguration section */
		1487F5C024E5E6E400C13817 /* Debug */ = {
			isa = XCBuildConfiguration;
			buildSettings = {
				ALWAYS_SEARCH_USER_PATHS = NO;
				CLANG_ANALYZER_NONNULL = YES;
				CLANG_ANALYZER_NUMBER_OBJECT_CONVERSION = YES_AGGRESSIVE;
				CLANG_CXX_LANGUAGE_STANDARD = "gnu++14";
				CLANG_CXX_LIBRARY = "libc++";
				CLANG_ENABLE_MODULES = YES;
				CLANG_ENABLE_OBJC_ARC = YES;
				CLANG_ENABLE_OBJC_WEAK = YES;
				CLANG_WARN_BLOCK_CAPTURE_AUTORELEASING = YES;
				CLANG_WARN_BOOL_CONVERSION = YES;
				CLANG_WARN_COMMA = YES;
				CLANG_WARN_CONSTANT_CONVERSION = YES;
				CLANG_WARN_DEPRECATED_OBJC_IMPLEMENTATIONS = YES;
				CLANG_WARN_DIRECT_OBJC_ISA_USAGE = YES_ERROR;
				CLANG_WARN_DOCUMENTATION_COMMENTS = YES;
				CLANG_WARN_EMPTY_BODY = YES;
				CLANG_WARN_ENUM_CONVERSION = YES;
				CLANG_WARN_INFINITE_RECURSION = YES;
				CLANG_WARN_INT_CONVERSION = YES;
				CLANG_WARN_NON_LITERAL_NULL_CONVERSION = YES;
				CLANG_WARN_OBJC_IMPLICIT_RETAIN_SELF = YES;
				CLANG_WARN_OBJC_LITERAL_CONVERSION = YES;
				CLANG_WARN_OBJC_ROOT_CLASS = YES_ERROR;
				CLANG_WARN_RANGE_LOOP_ANALYSIS = YES;
				CLANG_WARN_STRICT_PROTOTYPES = YES;
				CLANG_WARN_SUSPICIOUS_MOVE = YES;
				CLANG_WARN_UNGUARDED_AVAILABILITY = YES_AGGRESSIVE;
				CLANG_WARN_UNREACHABLE_CODE = YES;
				CLANG_WARN__DUPLICATE_METHOD_MATCH = YES;
				COPY_PHASE_STRIP = NO;
				DEBUG_INFORMATION_FORMAT = dwarf;
				ENABLE_STRICT_OBJC_MSGSEND = YES;
				ENABLE_TESTABILITY = YES;
				GCC_C_LANGUAGE_STANDARD = gnu11;
				GCC_DYNAMIC_NO_PIC = NO;
				GCC_NO_COMMON_BLOCKS = YES;
				GCC_OPTIMIZATION_LEVEL = 0;
				GCC_PREPROCESSOR_DEFINITIONS = (
					"DEBUG=1",
					"$(inherited)",
				);
				GCC_WARN_64_TO_32_BIT_CONVERSION = YES;
				GCC_WARN_ABOUT_RETURN_TYPE = YES_ERROR;
				GCC_WARN_UNDECLARED_SELECTOR = YES;
				GCC_WARN_UNINITIALIZED_AUTOS = YES_AGGRESSIVE;
				GCC_WARN_UNUSED_FUNCTION = YES;
				GCC_WARN_UNUSED_VARIABLE = YES;
				IPHONEOS_DEPLOYMENT_TARGET = 13.6;
				MTL_ENABLE_DEBUG_INFO = INCLUDE_SOURCE;
				MTL_FAST_MATH = YES;
				ONLY_ACTIVE_ARCH = YES;
				SDKROOT = iphoneos;
				SWIFT_ACTIVE_COMPILATION_CONDITIONS = DEBUG;
				SWIFT_OPTIMIZATION_LEVEL = "-Onone";
			};
			name = Debug;
		};
		1487F5C124E5E6E400C13817 /* Release */ = {
			isa = XCBuildConfiguration;
			buildSettings = {
				ALWAYS_SEARCH_USER_PATHS = NO;
				CLANG_ANALYZER_NONNULL = YES;
				CLANG_ANALYZER_NUMBER_OBJECT_CONVERSION = YES_AGGRESSIVE;
				CLANG_CXX_LANGUAGE_STANDARD = "gnu++14";
				CLANG_CXX_LIBRARY = "libc++";
				CLANG_ENABLE_MODULES = YES;
				CLANG_ENABLE_OBJC_ARC = YES;
				CLANG_ENABLE_OBJC_WEAK = YES;
				CLANG_WARN_BLOCK_CAPTURE_AUTORELEASING = YES;
				CLANG_WARN_BOOL_CONVERSION = YES;
				CLANG_WARN_COMMA = YES;
				CLANG_WARN_CONSTANT_CONVERSION = YES;
				CLANG_WARN_DEPRECATED_OBJC_IMPLEMENTATIONS = YES;
				CLANG_WARN_DIRECT_OBJC_ISA_USAGE = YES_ERROR;
				CLANG_WARN_DOCUMENTATION_COMMENTS = YES;
				CLANG_WARN_EMPTY_BODY = YES;
				CLANG_WARN_ENUM_CONVERSION = YES;
				CLANG_WARN_INFINITE_RECURSION = YES;
				CLANG_WARN_INT_CONVERSION = YES;
				CLANG_WARN_NON_LITERAL_NULL_CONVERSION = YES;
				CLANG_WARN_OBJC_IMPLICIT_RETAIN_SELF = YES;
				CLANG_WARN_OBJC_LITERAL_CONVERSION = YES;
				CLANG_WARN_OBJC_ROOT_CLASS = YES_ERROR;
				CLANG_WARN_RANGE_LOOP_ANALYSIS = YES;
				CLANG_WARN_STRICT_PROTOTYPES = YES;
				CLANG_WARN_SUSPICIOUS_MOVE = YES;
				CLANG_WARN_UNGUARDED_AVAILABILITY = YES_AGGRESSIVE;
				CLANG_WARN_UNREACHABLE_CODE = YES;
				CLANG_WARN__DUPLICATE_METHOD_MATCH = YES;
				COPY_PHASE_STRIP = NO;
				DEBUG_INFORMATION_FORMAT = "dwarf-with-dsym";
				ENABLE_NS_ASSERTIONS = NO;
				ENABLE_STRICT_OBJC_MSGSEND = YES;
				GCC_C_LANGUAGE_STANDARD = gnu11;
				GCC_NO_COMMON_BLOCKS = YES;
				GCC_WARN_64_TO_32_BIT_CONVERSION = YES;
				GCC_WARN_ABOUT_RETURN_TYPE = YES_ERROR;
				GCC_WARN_UNDECLARED_SELECTOR = YES;
				GCC_WARN_UNINITIALIZED_AUTOS = YES_AGGRESSIVE;
				GCC_WARN_UNUSED_FUNCTION = YES;
				GCC_WARN_UNUSED_VARIABLE = YES;
				IPHONEOS_DEPLOYMENT_TARGET = 13.6;
				MTL_ENABLE_DEBUG_INFO = NO;
				MTL_FAST_MATH = YES;
				SDKROOT = iphoneos;
				SWIFT_COMPILATION_MODE = wholemodule;
				SWIFT_OPTIMIZATION_LEVEL = "-O";
				VALIDATE_PRODUCT = YES;
			};
			name = Release;
		};
		1487F5C324E5E6E400C13817 /* Debug */ = {
			isa = XCBuildConfiguration;
			buildSettings = {
				ASSETCATALOG_COMPILER_APPICON_NAME = AppIcon;
				CODE_SIGN_STYLE = Automatic;
				DEVELOPMENT_TEAM = P3PQ3S442N;
				INFOPLIST_FILE = "modes-mobile-ios/Info.plist";
				LD_RUNPATH_SEARCH_PATHS = (
					"$(inherited)",
					"@executable_path/Frameworks",
				);
				PRODUCT_BUNDLE_IDENTIFIER = "miraclesystems.modes-mobile-ios";
				PRODUCT_NAME = "$(TARGET_NAME)";
				SWIFT_VERSION = 5.0;
				TARGETED_DEVICE_FAMILY = "1,2";
			};
			name = Debug;
		};
		1487F5C424E5E6E400C13817 /* Release */ = {
			isa = XCBuildConfiguration;
			buildSettings = {
				ASSETCATALOG_COMPILER_APPICON_NAME = AppIcon;
				CODE_SIGN_STYLE = Automatic;
				DEVELOPMENT_TEAM = P3PQ3S442N;
				INFOPLIST_FILE = "modes-mobile-ios/Info.plist";
				LD_RUNPATH_SEARCH_PATHS = (
					"$(inherited)",
					"@executable_path/Frameworks",
				);
				PRODUCT_BUNDLE_IDENTIFIER = "miraclesystems.modes-mobile-ios";
				PRODUCT_NAME = "$(TARGET_NAME)";
				SWIFT_VERSION = 5.0;
				TARGETED_DEVICE_FAMILY = "1,2";
			};
			name = Release;
		};
		1487F5C624E5E6E400C13817 /* Debug */ = {
			isa = XCBuildConfiguration;
			buildSettings = {
				ALWAYS_EMBED_SWIFT_STANDARD_LIBRARIES = YES;
				BUNDLE_LOADER = "$(TEST_HOST)";
				CODE_SIGN_STYLE = Automatic;
				DEVELOPMENT_TEAM = P3PQ3S442N;
				INFOPLIST_FILE = "modes-mobile-iosTests/Info.plist";
				IPHONEOS_DEPLOYMENT_TARGET = 13.6;
				LD_RUNPATH_SEARCH_PATHS = (
					"$(inherited)",
					"@executable_path/Frameworks",
					"@loader_path/Frameworks",
				);
				PRODUCT_BUNDLE_IDENTIFIER = "miraclesystems.modes-mobile-iosTests";
				PRODUCT_NAME = "$(TARGET_NAME)";
				SWIFT_VERSION = 5.0;
				TARGETED_DEVICE_FAMILY = "1,2";
				TEST_HOST = "$(BUILT_PRODUCTS_DIR)/modes-mobile-ios.app/modes-mobile-ios";
			};
			name = Debug;
		};
		1487F5C724E5E6E400C13817 /* Release */ = {
			isa = XCBuildConfiguration;
			buildSettings = {
				ALWAYS_EMBED_SWIFT_STANDARD_LIBRARIES = YES;
				BUNDLE_LOADER = "$(TEST_HOST)";
				CODE_SIGN_STYLE = Automatic;
				DEVELOPMENT_TEAM = P3PQ3S442N;
				INFOPLIST_FILE = "modes-mobile-iosTests/Info.plist";
				IPHONEOS_DEPLOYMENT_TARGET = 13.6;
				LD_RUNPATH_SEARCH_PATHS = (
					"$(inherited)",
					"@executable_path/Frameworks",
					"@loader_path/Frameworks",
				);
				PRODUCT_BUNDLE_IDENTIFIER = "miraclesystems.modes-mobile-iosTests";
				PRODUCT_NAME = "$(TARGET_NAME)";
				SWIFT_VERSION = 5.0;
				TARGETED_DEVICE_FAMILY = "1,2";
				TEST_HOST = "$(BUILT_PRODUCTS_DIR)/modes-mobile-ios.app/modes-mobile-ios";
			};
			name = Release;
		};
		1487F5C924E5E6E400C13817 /* Debug */ = {
			isa = XCBuildConfiguration;
			buildSettings = {
				ALWAYS_EMBED_SWIFT_STANDARD_LIBRARIES = YES;
				CODE_SIGN_STYLE = Automatic;
				DEVELOPMENT_TEAM = P3PQ3S442N;
				INFOPLIST_FILE = "modes-mobile-iosUITests/Info.plist";
				LD_RUNPATH_SEARCH_PATHS = (
					"$(inherited)",
					"@executable_path/Frameworks",
					"@loader_path/Frameworks",
				);
				PRODUCT_BUNDLE_IDENTIFIER = "miraclesystems.modes-mobile-iosUITests";
				PRODUCT_NAME = "$(TARGET_NAME)";
				SWIFT_VERSION = 5.0;
				TARGETED_DEVICE_FAMILY = "1,2";
				TEST_TARGET_NAME = "modes-mobile-ios";
			};
			name = Debug;
		};
		1487F5CA24E5E6E400C13817 /* Release */ = {
			isa = XCBuildConfiguration;
			buildSettings = {
				ALWAYS_EMBED_SWIFT_STANDARD_LIBRARIES = YES;
				CODE_SIGN_STYLE = Automatic;
				DEVELOPMENT_TEAM = P3PQ3S442N;
				INFOPLIST_FILE = "modes-mobile-iosUITests/Info.plist";
				LD_RUNPATH_SEARCH_PATHS = (
					"$(inherited)",
					"@executable_path/Frameworks",
					"@loader_path/Frameworks",
				);
				PRODUCT_BUNDLE_IDENTIFIER = "miraclesystems.modes-mobile-iosUITests";
				PRODUCT_NAME = "$(TARGET_NAME)";
				SWIFT_VERSION = 5.0;
				TARGETED_DEVICE_FAMILY = "1,2";
				TEST_TARGET_NAME = "modes-mobile-ios";
			};
			name = Release;
		};
/* End XCBuildConfiguration section */

/* Begin XCConfigurationList section */
		1487F59324E5E6E300C13817 /* Build configuration list for PBXProject "modes-mobile-ios" */ = {
			isa = XCConfigurationList;
			buildConfigurations = (
				1487F5C024E5E6E400C13817 /* Debug */,
				1487F5C124E5E6E400C13817 /* Release */,
			);
			defaultConfigurationIsVisible = 0;
			defaultConfigurationName = Release;
		};
		1487F5C224E5E6E400C13817 /* Build configuration list for PBXNativeTarget "modes-mobile-ios" */ = {
			isa = XCConfigurationList;
			buildConfigurations = (
				1487F5C324E5E6E400C13817 /* Debug */,
				1487F5C424E5E6E400C13817 /* Release */,
			);
			defaultConfigurationIsVisible = 0;
			defaultConfigurationName = Release;
		};
		1487F5C524E5E6E400C13817 /* Build configuration list for PBXNativeTarget "modes-mobile-iosTests" */ = {
			isa = XCConfigurationList;
			buildConfigurations = (
				1487F5C624E5E6E400C13817 /* Debug */,
				1487F5C724E5E6E400C13817 /* Release */,
			);
			defaultConfigurationIsVisible = 0;
			defaultConfigurationName = Release;
		};
		1487F5C824E5E6E400C13817 /* Build configuration list for PBXNativeTarget "modes-mobile-iosUITests" */ = {
			isa = XCConfigurationList;
			buildConfigurations = (
				1487F5C924E5E6E400C13817 /* Debug */,
				1487F5CA24E5E6E400C13817 /* Release */,
			);
			defaultConfigurationIsVisible = 0;
			defaultConfigurationName = Release;
		};
/* End XCConfigurationList section */
	};
	rootObject = 1487F59024E5E6E300C13817 /* Project object */;
}
